
Microsoft Visual Studio Solution File, Format Version 12.00
# Visual Studio 15
VisualStudioVersion = 15.0.28307.572
MinimumVisualStudioVersion = 10.0.40219.1
Project("{FAE04EC0-301F-11D3-BF4B-00C04F79EFBC}") = "Templ8or", "Templ8or\Templ8or.csproj", "{BE465FA7-BF33-40B0-9190-D44521F78935}"
EndProject
Global
	GlobalSection(SolutionConfigurationPlatforms) = preSolution
		Debug|Any CPU = Debug|Any CPU
		Release|Any CPU = Release|Any CPU
	EndGlobalSection
	GlobalSection(ProjectConfigurationPlatforms) = postSolution
		{BE465FA7-BF33-40B0-9190-D44521F78935}.Debug|Any CPU.ActiveCfg = Debug|Any CPU
		{BE465FA7-BF33-40B0-9190-D44521F78935}.Debug|Any CPU.Build.0 = Debug|Any CPU
		{BE465FA7-BF33-40B0-9190-D44521F78935}.Release|Any CPU.ActiveCfg = Release|Any CPU
		{BE465FA7-BF33-40B0-9190-D44521F78935}.Release|Any CPU.Build.0 = Release|Any CPU
	EndGlobalSection
	GlobalSection(SolutionProperties) = preSolution
		HideSolutionNode = FALSE
	EndGlobalSection
	GlobalSection(ExtensibilityGlobals) = postSolution
		SolutionGuid = {DB87B385-7163-4D84-8DE7-3E3B7F7A642E}
	EndGlobalSection
EndGlobal
